# THIS IS AN AUTOGENERATED FILE. DO NOT EDIT THIS FILE DIRECTLY.
# yarn lockfile v1


"@types/node@^6.0.46":
  version "6.0.90"
  resolved "https://registry.yarnpkg.com/@types/node/-/node-6.0.90.tgz#0ed74833fa1b73dcdb9409dcb1c97ec0a8b13b02"

array-iterate@^1.0.0:
  version "1.1.1"
  resolved "https://registry.yarnpkg.com/array-iterate/-/array-iterate-1.1.1.tgz#865bf7f8af39d6b0982c60902914ac76bc0108f6"

bail@^1.0.0:
  version "1.0.2"
  resolved "https://registry.yarnpkg.com/bail/-/bail-1.0.2.tgz#f7d6c1731630a9f9f0d4d35ed1f962e2074a1764"

camelcase@^3.0.0:
  version "3.0.0"
  resolved "https://registry.yarnpkg.com/camelcase/-/camelcase-3.0.0.tgz#32fc4b9fcdaf845fcdf7e73bb97cac2261f0ab0a"

ccount@^1.0.0:
  version "1.0.2"
  resolved "https://registry.yarnpkg.com/ccount/-/ccount-1.0.2.tgz#53b6a2f815bb77b9c2871f7b9a72c3a25f1d8e89"

character-entities-html4@^1.0.0:
  version "1.1.1"
  resolved "https://registry.yarnpkg.com/character-entities-html4/-/character-entities-html4-1.1.1.tgz#359a2a4a0f7e29d3dc2ac99bdbe21ee39438ea50"

character-entities-legacy@^1.0.0:
  version "1.1.1"
  resolved "https://registry.yarnpkg.com/character-entities-legacy/-/character-entities-legacy-1.1.1.tgz#f40779df1a101872bb510a3d295e1fccf147202f"

character-entities@^1.0.0:
  version "1.2.1"
  resolved "https://registry.yarnpkg.com/character-entities/-/character-entities-1.2.1.tgz#f76871be5ef66ddb7f8f8e3478ecc374c27d6dca"

character-reference-invalid@^1.0.0:
  version "1.1.1"
  resolved "https://registry.yarnpkg.com/character-reference-invalid/-/character-reference-invalid-1.1.1.tgz#942835f750e4ec61a308e60c2ef8cc1011202efc"

collapse-white-space@^1.0.0, collapse-white-space@^1.0.2:
  version "1.0.3"
  resolved "https://registry.yarnpkg.com/collapse-white-space/-/collapse-white-space-1.0.3.tgz#4b906f670e5a963a87b76b0e1689643341b6023c"

comma-separated-tokens@^1.0.0, comma-separated-tokens@^1.0.1:
  version "1.0.4"
  resolved "https://registry.yarnpkg.com/comma-separated-tokens/-/comma-separated-tokens-1.0.4.tgz#72083e58d4a462f01866f6617f4d98a3cd3b8a46"
  dependencies:
    trim "0.0.1"

detab@^2.0.0:
  version "2.0.1"
  resolved "https://registry.yarnpkg.com/detab/-/detab-2.0.1.tgz#531f5e326620e2fd4f03264a905fb3bcc8af4df4"
  dependencies:
    repeat-string "^1.5.4"

doctype@^2.0.0:
  version "2.0.1"
  resolved "https://registry.yarnpkg.com/doctype/-/doctype-2.0.1.tgz#14310a8324a18763058d41eb05e16cf127f81362"

"emoji-regex@>=6.0.0 <=6.1.1":
  version "6.1.1"
  resolved "https://registry.yarnpkg.com/emoji-regex/-/emoji-regex-6.1.1.tgz#c6cd0ec1b0642e2a3c67a1137efc5e796da4f88e"

extend@^3.0.0, extend@^3.0.1:
  version "3.0.1"
  resolved "https://registry.yarnpkg.com/extend/-/extend-3.0.1.tgz#a755ea7bc1adfcc5a31ce7e762dbaadc5e636444"

fs@^0.0.1-security:
  version "0.0.1-security"
  resolved "https://registry.yarnpkg.com/fs/-/fs-0.0.1-security.tgz#8a7bd37186b6dddf3813f23858b57ecaaf5e41d4"

function-bind@^1.0.2:
  version "1.1.1"
  resolved "https://registry.yarnpkg.com/function-bind/-/function-bind-1.1.1.tgz#a56899d3ea3c9bab874bb9773b7c5ede92f4895d"

github-slugger@^1.1.1:
  version "1.2.0"
  resolved "https://registry.yarnpkg.com/github-slugger/-/github-slugger-1.2.0.tgz#8ada3286fd046d8951c3c952a8d7854cfd90fd9a"
  dependencies:
    emoji-regex ">=6.0.0 <=6.1.1"

has@^1.0.1:
  version "1.0.1"
  resolved "https://registry.yarnpkg.com/has/-/has-1.0.1.tgz#8461733f538b0837c9361e39a9ab9e9704dc2f28"
  dependencies:
    function-bind "^1.0.2"

hast-util-from-parse5@^1.0.0:
  version "1.1.0"
  resolved "https://registry.yarnpkg.com/hast-util-from-parse5/-/hast-util-from-parse5-1.1.0.tgz#359cc339dc8ccf1dfaca41915ad63fd546130acd"
  dependencies:
    camelcase "^3.0.0"
    has "^1.0.1"
    hastscript "^3.0.0"
    property-information "^3.1.0"
    vfile-location "^2.0.0"

hast-util-from-parse5@^2.0.1:
  version "2.1.0"
  resolved "https://registry.yarnpkg.com/hast-util-from-parse5/-/hast-util-from-parse5-2.1.0.tgz#f6123d83d3689630b097e13e430d16d9d1bd8884"
  dependencies:
    camelcase "^3.0.0"
    hastscript "^3.0.0"
    property-information "^3.1.0"
    vfile-location "^2.0.0"

hast-util-has-property@^1.0.0:
  version "1.0.0"
  resolved "https://registry.yarnpkg.com/hast-util-has-property/-/hast-util-has-property-1.0.0.tgz#211f9d7f7640898244a33f5d16f5c5d1880c8e40"

hast-util-is-element@^1.0.0:
  version "1.0.0"
  resolved "https://registry.yarnpkg.com/hast-util-is-element/-/hast-util-is-element-1.0.0.tgz#3f7216978b2ae14d98749878782675f33be3ce00"

hast-util-parse-selector@^2.0.0:
  version "2.1.0"
  resolved "https://registry.yarnpkg.com/hast-util-parse-selector/-/hast-util-parse-selector-2.1.0.tgz#b55c0f4bb7bb2040c889c325ef87ab29c38102b4"

hast-util-to-html@^3.0.0:
  version "3.1.0"
  resolved "https://registry.yarnpkg.com/hast-util-to-html/-/hast-util-to-html-3.1.0.tgz#882c99849e40130e991c042e456d453d95c36cff"
  dependencies:
    ccount "^1.0.0"
    comma-separated-tokens "^1.0.1"
    hast-util-is-element "^1.0.0"
    hast-util-whitespace "^1.0.0"
    html-void-elements "^1.0.0"
    kebab-case "^1.0.0"
    property-information "^3.1.0"
    space-separated-tokens "^1.0.0"
    stringify-entities "^1.0.1"
    unist-util-is "^2.0.0"
    xtend "^4.0.1"

hast-util-to-string@^1.0.0:
  version "1.0.1"
  resolved "https://registry.yarnpkg.com/hast-util-to-string/-/hast-util-to-string-1.0.1.tgz#b28055cdca012d3c8fd048757c8483d0de0d002c"

hast-util-whitespace@^1.0.0:
  version "1.0.0"
  resolved "https://registry.yarnpkg.com/hast-util-whitespace/-/hast-util-whitespace-1.0.0.tgz#bd096919625d2936e1ff17bc4df7fd727f17ece9"

hastscript@^3.0.0:
  version "3.1.0"
  resolved "https://registry.yarnpkg.com/hastscript/-/hastscript-3.1.0.tgz#66628ba6d7f1ad07d9277dd09028aba7f4934599"
  dependencies:
    camelcase "^3.0.0"
    comma-separated-tokens "^1.0.0"
    hast-util-parse-selector "^2.0.0"
    property-information "^3.0.0"
    space-separated-tokens "^1.0.0"

highlight.js@~9.12.0:
  version "9.12.0"
  resolved "https://registry.yarnpkg.com/highlight.js/-/highlight.js-9.12.0.tgz#e6d9dbe57cbefe60751f02af336195870c90c01e"

html-void-elements@^1.0.0:
  version "1.0.2"
  resolved "https://registry.yarnpkg.com/html-void-elements/-/html-void-elements-1.0.2.tgz#9d22e0ca32acc95b3f45b8d5b4f6fbdc05affd55"

inherits@^2.0.1:
  version "2.0.3"
  resolved "https://registry.yarnpkg.com/inherits/-/inherits-2.0.3.tgz#633c2c83e3da42a502f52466022480f4208261de"

is-alphabetical@^1.0.0:
  version "1.0.1"
  resolved "https://registry.yarnpkg.com/is-alphabetical/-/is-alphabetical-1.0.1.tgz#c77079cc91d4efac775be1034bf2d243f95e6f08"

is-alphanumeric@^1.0.0:
  version "1.0.0"
  resolved "https://registry.yarnpkg.com/is-alphanumeric/-/is-alphanumeric-1.0.0.tgz#4a9cef71daf4c001c1d81d63d140cf53fd6889f4"

is-alphanumerical@^1.0.0:
  version "1.0.1"
  resolved "https://registry.yarnpkg.com/is-alphanumerical/-/is-alphanumerical-1.0.1.tgz#dfb4aa4d1085e33bdb61c2dee9c80e9c6c19f53b"
  dependencies:
    is-alphabetical "^1.0.0"
    is-decimal "^1.0.0"

is-buffer@^1.1.4:
  version "1.1.6"
  resolved "https://registry.yarnpkg.com/is-buffer/-/is-buffer-1.1.6.tgz#efaa2ea9daa0d7ab2ea13a97b2b8ad51fefbe8be"

is-decimal@^1.0.0:
  version "1.0.1"
  resolved "https://registry.yarnpkg.com/is-decimal/-/is-decimal-1.0.1.tgz#f5fb6a94996ad9e8e3761fbfbd091f1fca8c4e82"

is-empty@^1.0.0:
  version "1.2.0"
  resolved "https://registry.yarnpkg.com/is-empty/-/is-empty-1.2.0.tgz#de9bb5b278738a05a0b09a57e1fb4d4a341a9f6b"

is-hexadecimal@^1.0.0:
  version "1.0.1"
  resolved "https://registry.yarnpkg.com/is-hexadecimal/-/is-hexadecimal-1.0.1.tgz#6e084bbc92061fbb0971ec58b6ce6d404e24da69"

is-plain-obj@^1.1.0:
  version "1.1.0"
  resolved "https://registry.yarnpkg.com/is-plain-obj/-/is-plain-obj-1.1.0.tgz#71a50c8429dfca773c92a390a4a03b39fcd51d3e"

is-whitespace-character@^1.0.0:
  version "1.0.1"
  resolved "https://registry.yarnpkg.com/is-whitespace-character/-/is-whitespace-character-1.0.1.tgz#9ae0176f3282b65457a1992cdb084f8a5f833e3b"

is-word-character@^1.0.0:
  version "1.0.1"
  resolved "https://registry.yarnpkg.com/is-word-character/-/is-word-character-1.0.1.tgz#5a03fa1ea91ace8a6eb0c7cd770eb86d65c8befb"

katex@^0.7.1:
  version "0.7.1"
  resolved "https://registry.yarnpkg.com/katex/-/katex-0.7.1.tgz#06bb5298efad05e1e7228035ba8e1591f3061b8f"
  dependencies:
    match-at "^0.1.0"

kebab-case@^1.0.0:
  version "1.0.0"
  resolved "https://registry.yarnpkg.com/kebab-case/-/kebab-case-1.0.0.tgz#3f9e4990adcad0c686c0e701f7645868f75f91eb"

lodash.iteratee@^4.5.0:
  version "4.7.0"
  resolved "https://registry.yarnpkg.com/lodash.iteratee/-/lodash.iteratee-4.7.0.tgz#be4177db289a8ccc3c0990f1db26b5b22fc1554c"

lodash@^4.17.4:
  version "4.17.4"
  resolved "https://registry.yarnpkg.com/lodash/-/lodash-4.17.4.tgz#78203a4d1c328ae1d86dca6460e369b57f4055ae"

longest-streak@^1.0.0:
  version "1.0.0"
  resolved "https://registry.yarnpkg.com/longest-streak/-/longest-streak-1.0.0.tgz#d06597c4d4c31b52ccb1f5d8f8fe7148eafd6965"

longest-streak@^2.0.1:
  version "2.0.1"
  resolved "https://registry.yarnpkg.com/longest-streak/-/longest-streak-2.0.1.tgz#42d291b5411e40365c00e63193497e2247316e35"

lowlight@^1.2.0:
  version "1.9.1"
  resolved "https://registry.yarnpkg.com/lowlight/-/lowlight-1.9.1.tgz#ed7c3dffc36f8c1f263735c0fe0c907847c11250"
  dependencies:
    highlight.js "~9.12.0"

markdown-escapes@^1.0.0:
  version "1.0.1"
  resolved "https://registry.yarnpkg.com/markdown-escapes/-/markdown-escapes-1.0.1.tgz#1994df2d3af4811de59a6714934c2b2292734518"

markdown-table@^0.4.0:
  version "0.4.0"
  resolved "https://registry.yarnpkg.com/markdown-table/-/markdown-table-0.4.0.tgz#890c2c1b3bfe83fb00e4129b8e4cfe645270f9d1"

markdown-table@^1.1.0:
  version "1.1.1"
  resolved "https://registry.yarnpkg.com/markdown-table/-/markdown-table-1.1.1.tgz#4b3dd3a133d1518b8ef0dbc709bf2a1b4824bc8c"

match-at@^0.1.0:
  version "0.1.1"
  resolved "https://registry.yarnpkg.com/match-at/-/match-at-0.1.1.tgz#25d040d291777704d5e6556bbb79230ec2de0540"

mdast-util-compact@^1.0.0:
  version "1.0.1"
  resolved "https://registry.yarnpkg.com/mdast-util-compact/-/mdast-util-compact-1.0.1.tgz#cdb5f84e2b6a2d3114df33bd05d9cb32e3c4083a"
  dependencies:
    unist-util-modify-children "^1.0.0"
    unist-util-visit "^1.1.0"

mdast-util-definitions@^1.2.0:
  version "1.2.2"
  resolved "https://registry.yarnpkg.com/mdast-util-definitions/-/mdast-util-definitions-1.2.2.tgz#673f4377c3e23d3de7af7a4fe2214c0e221c5ac7"
  dependencies:
    unist-util-visit "^1.0.0"

mdast-util-to-hast@^2.2.0:
  version "2.5.0"
  resolved "https://registry.yarnpkg.com/mdast-util-to-hast/-/mdast-util-to-hast-2.5.0.tgz#f087844d255c7540f36906da30ba106c0ee5ee2f"
  dependencies:
    collapse-white-space "^1.0.0"
    detab "^2.0.0"
    mdast-util-definitions "^1.2.0"
    mdurl "^1.0.1"
    trim "0.0.1"
    trim-lines "^1.0.0"
    unist-builder "^1.0.1"
    unist-util-generated "^1.1.0"
    unist-util-position "^3.0.0"
    unist-util-visit "^1.1.0"
    xtend "^4.0.1"

mdurl@^1.0.1:
  version "1.0.1"
  resolved "https://registry.yarnpkg.com/mdurl/-/mdurl-1.0.1.tgz#fe85b2ec75a59037f2adfec100fd6c601761152e"

object-assign@^4.1.0:
  version "4.1.1"
  resolved "https://registry.yarnpkg.com/object-assign/-/object-assign-4.1.1.tgz#2109adc7965887cfc05cbbd442cac8bfbb360863"

once@^1.3.3:
  version "1.4.0"
  resolved "https://registry.yarnpkg.com/once/-/once-1.4.0.tgz#583b1aa775961d4b113ac17d9c50baef9dd76bd1"
  dependencies:
    wrappy "1"

parse-entities@^1.0.2:
  version "1.1.1"
  resolved "https://registry.yarnpkg.com/parse-entities/-/parse-entities-1.1.1.tgz#8112d88471319f27abae4d64964b122fe4e1b890"
  dependencies:
    character-entities "^1.0.0"
    character-entities-legacy "^1.0.0"
    character-reference-invalid "^1.0.0"
    is-alphanumerical "^1.0.0"
    is-decimal "^1.0.0"
    is-hexadecimal "^1.0.0"

parse5@^2.1.5:
  version "2.2.3"
  resolved "https://registry.yarnpkg.com/parse5/-/parse5-2.2.3.tgz#0c4fc41c1000c5e6b93d48b03f8083837834e9f6"

parse5@^3.0.0:
  version "3.0.2"
  resolved "https://registry.yarnpkg.com/parse5/-/parse5-3.0.2.tgz#05eff57f0ef4577fb144a79f8b9a967a6cc44510"
  dependencies:
    "@types/node" "^6.0.46"

property-information@^3.0.0, property-information@^3.1.0:
  version "3.2.0"
  resolved "https://registry.yarnpkg.com/property-information/-/property-information-3.2.0.tgz#fd1483c8fbac61808f5fe359e7693a1f48a58331"

rehype-autolink-headings@^2.0.2:
  version "2.0.2"
  resolved "https://registry.yarnpkg.com/rehype-autolink-headings/-/rehype-autolink-headings-2.0.2.tgz#48c7161b1a1020e942c758eb6b2c55cb1bc504d0"
  dependencies:
    extend "^3.0.1"
    hast-util-has-property "^1.0.0"
    hast-util-is-element "^1.0.0"
    unist-util-visit "^1.1.0"

rehype-document@^2.0.1:
  version "2.0.1"
  resolved "https://registry.yarnpkg.com/rehype-document/-/rehype-document-2.0.1.tgz#a0e00812e7abd158b61d1754d1fddabbe60804bc"
  dependencies:
    doctype "^2.0.0"
    hastscript "^3.0.0"
    unist-builder "^1.0.1"

rehype-katex@^1.0.2:
  version "1.0.2"
  resolved "https://registry.yarnpkg.com/rehype-katex/-/rehype-katex-1.0.2.tgz#c567cc52484eb3063d8cbdf045ab729efeaa9515"
  dependencies:
    katex "^0.7.1"
    rehype-parse "^3.0.0"
    unified "^6.1.1"
    unist-util-position "^3.0.0"
    unist-util-visit "^1.1.1"

rehype-parse@^3.0.0, rehype-parse@^3.1.0:
  version "3.1.0"
  resolved "https://registry.yarnpkg.com/rehype-parse/-/rehype-parse-3.1.0.tgz#7f5227a597a3f39fc4b938646161539c444ee728"
  dependencies:
    hast-util-from-parse5 "^1.0.0"
    parse5 "^2.1.5"
    xtend "^4.0.1"

rehype-parse@^4.0.0:
  version "4.0.0"
  resolved "https://registry.yarnpkg.com/rehype-parse/-/rehype-parse-4.0.0.tgz#a0a35e02d34fe5e84269881c1cd92d78a6987004"
  dependencies:
    hast-util-from-parse5 "^2.0.1"
    parse5 "^3.0.0"
    xtend "^4.0.1"

rehype-slug@^2.0.1:
  version "2.0.1"
  resolved "https://registry.yarnpkg.com/rehype-slug/-/rehype-slug-2.0.1.tgz#8c1809ea1eb513b231f721cae17bd1ce9329e373"
  dependencies:
    github-slugger "^1.1.1"
    hast-util-has-property "^1.0.0"
    hast-util-is-element "^1.0.0"
    hast-util-to-string "^1.0.0"
    unist-util-visit "^1.1.0"

rehype-stringify@^3.0.0:
  version "3.0.0"
  resolved "https://registry.yarnpkg.com/rehype-stringify/-/rehype-stringify-3.0.0.tgz#9fef0868213c2dce2f780b76f3d0488c85e819eb"
  dependencies:
    hast-util-to-html "^3.0.0"
    xtend "^4.0.1"

remark-highlight.js@^5.0.0:
  version "5.0.0"
  resolved "https://registry.yarnpkg.com/remark-highlight.js/-/remark-highlight.js-5.0.0.tgz#468fb8ac6e1702bd44ee9670e172e26e2fa0f05a"
  dependencies:
    lowlight "^1.2.0"
    unist-util-visit "^1.0.0"

remark-math@^1.0.1:
  version "1.0.1"
  resolved "https://registry.yarnpkg.com/remark-math/-/remark-math-1.0.1.tgz#49c1e4b146e2e40f8693ddcb9773ce8730f3bea6"
  dependencies:
    trim-trailing-lines "^1.1.0"

remark-parse@^1.1.0:
  version "1.1.0"
  resolved "https://registry.yarnpkg.com/remark-parse/-/remark-parse-1.1.0.tgz#c3ca10f9a8da04615c28f09aa4e304510526ec21"
  dependencies:
    collapse-white-space "^1.0.0"
    extend "^3.0.0"
    parse-entities "^1.0.2"
    repeat-string "^1.5.4"
    trim "0.0.1"
    trim-trailing-lines "^1.0.0"
    unherit "^1.0.4"
    unist-util-remove-position "^1.0.0"
    vfile-location "^2.0.0"

remark-parse@^4.0.0:
  version "4.0.0"
  resolved "https://registry.yarnpkg.com/remark-parse/-/remark-parse-4.0.0.tgz#99f1f049afac80382366e2e0d0bd55429dd45d8b"
  dependencies:
    collapse-white-space "^1.0.2"
    is-alphabetical "^1.0.0"
    is-decimal "^1.0.0"
    is-whitespace-character "^1.0.0"
    is-word-character "^1.0.0"
    markdown-escapes "^1.0.0"
    parse-entities "^1.0.2"
    repeat-string "^1.5.4"
    state-toggle "^1.0.0"
    trim "0.0.1"
    trim-trailing-lines "^1.0.0"
    unherit "^1.0.4"
    unist-util-remove-position "^1.0.0"
    vfile-location "^2.0.0"
    xtend "^4.0.1"

remark-rehype@^2.0.1:
  version "2.0.1"
  resolved "https://registry.yarnpkg.com/remark-rehype/-/remark-rehype-2.0.1.tgz#13e989f89ee15444bd2354dffd767da922b985e3"
  dependencies:
    mdast-util-to-hast "^2.2.0"

remark-stringify@^1.1.0:
  version "1.1.0"
  resolved "https://registry.yarnpkg.com/remark-stringify/-/remark-stringify-1.1.0.tgz#a7105e25b9ee2bf9a49b75d2c423f11b06ae2092"
  dependencies:
    ccount "^1.0.0"
    extend "^3.0.0"
    longest-streak "^1.0.0"
    markdown-table "^0.4.0"
    parse-entities "^1.0.2"
    repeat-string "^1.5.4"
    stringify-entities "^1.0.1"
    unherit "^1.0.4"

remark-stringify@^4.0.0:
  version "4.0.0"
  resolved "https://registry.yarnpkg.com/remark-stringify/-/remark-stringify-4.0.0.tgz#4431884c0418f112da44991b4e356cfe37facd87"
  dependencies:
    ccount "^1.0.0"
    is-alphanumeric "^1.0.0"
    is-decimal "^1.0.0"
    is-whitespace-character "^1.0.0"
    longest-streak "^2.0.1"
    markdown-escapes "^1.0.0"
    markdown-table "^1.1.0"
    mdast-util-compact "^1.0.0"
    parse-entities "^1.0.2"
    repeat-string "^1.5.4"
    state-toggle "^1.0.0"
    stringify-entities "^1.0.1"
    unherit "^1.0.4"
    xtend "^4.0.1"

remark@^5.0.1:
  version "5.1.0"
  resolved "https://registry.yarnpkg.com/remark/-/remark-5.1.0.tgz#cb463bd3dbcb4b99794935eee1cf71d7a8e3068c"
  dependencies:
    remark-parse "^1.1.0"
    remark-stringify "^1.1.0"
    unified "^4.1.1"

repeat-string@^1.5.4:
  version "1.6.1"
  resolved "https://registry.yarnpkg.com/repeat-string/-/repeat-string-1.6.1.tgz#8dcae470e1c88abc2d600fff4a776286da75e637"

replace-ext@1.0.0:
  version "1.0.0"
  resolved "https://registry.yarnpkg.com/replace-ext/-/replace-ext-1.0.0.tgz#de63128373fcbf7c3ccfa4de5a480c45a67958eb"

space-separated-tokens@^1.0.0:
  version "1.1.1"
  resolved "https://registry.yarnpkg.com/space-separated-tokens/-/space-separated-tokens-1.1.1.tgz#9695b9df9e65aec1811d4c3f9ce52520bc2f7e4d"
  dependencies:
    trim "0.0.1"

state-toggle@^1.0.0:
  version "1.0.0"
  resolved "https://registry.yarnpkg.com/state-toggle/-/state-toggle-1.0.0.tgz#d20f9a616bb4f0c3b98b91922d25b640aa2bc425"

stringify-entities@^1.0.1:
  version "1.3.1"
  resolved "https://registry.yarnpkg.com/stringify-entities/-/stringify-entities-1.3.1.tgz#b150ec2d72ac4c1b5f324b51fb6b28c9cdff058c"
  dependencies:
    character-entities-html4 "^1.0.0"
    character-entities-legacy "^1.0.0"
    is-alphanumerical "^1.0.0"
    is-hexadecimal "^1.0.0"

to-vfile@^2.1.2:
  version "2.1.2"
  resolved "https://registry.yarnpkg.com/to-vfile/-/to-vfile-2.1.2.tgz#63f410e3b72937be84e8198961caf74be2da4388"
  dependencies:
    is-buffer "^1.1.4"
    vfile "^2.0.0"

trim-lines@^1.0.0:
  version "1.1.0"
  resolved "https://registry.yarnpkg.com/trim-lines/-/trim-lines-1.1.0.tgz#9926d03ede13ba18f7d42222631fb04c79ff26fe"

trim-trailing-lines@^1.0.0, trim-trailing-lines@^1.1.0:
  version "1.1.0"
  resolved "https://registry.yarnpkg.com/trim-trailing-lines/-/trim-trailing-lines-1.1.0.tgz#7aefbb7808df9d669f6da2e438cac8c46ada7684"

trim@0.0.1:
  version "0.0.1"
  resolved "https://registry.yarnpkg.com/trim/-/trim-0.0.1.tgz#5858547f6b290757ee95cccc666fb50084c460dd"

trough@^1.0.0:
  version "1.0.1"
  resolved "https://registry.yarnpkg.com/trough/-/trough-1.0.1.tgz#a9fd8b0394b0ae8fff82e0633a0a36ccad5b5f86"

unherit@^1.0.4:
  version "1.1.0"
  resolved "https://registry.yarnpkg.com/unherit/-/unherit-1.1.0.tgz#6b9aaedfbf73df1756ad9e316dd981885840cd7d"
  dependencies:
    inherits "^2.0.1"
    xtend "^4.0.1"

unified@^4.1.1:
  version "4.2.1"
  resolved "https://registry.yarnpkg.com/unified/-/unified-4.2.1.tgz#76ff43aa8da430f6e7e4a55c84ebac2ad2cfcd2e"
  dependencies:
    bail "^1.0.0"
    extend "^3.0.0"
    has "^1.0.1"
    once "^1.3.3"
    trough "^1.0.0"
    vfile "^1.0.0"

unified@^6.1.1, unified@^6.1.5:
  version "6.1.5"
  resolved "https://registry.yarnpkg.com/unified/-/unified-6.1.5.tgz#716937872621a63135e62ced2f3ac6a063c6fb87"
  dependencies:
    bail "^1.0.0"
    extend "^3.0.0"
    is-plain-obj "^1.1.0"
    trough "^1.0.0"
    vfile "^2.0.0"
    x-is-function "^1.0.4"
    x-is-string "^0.1.0"

unist-builder@^1.0.1:
  version "1.0.2"
  resolved "https://registry.yarnpkg.com/unist-builder/-/unist-builder-1.0.2.tgz#8c3b9903ef64bcfb117dd7cf6a5d98fc1b3b27b6"
  dependencies:
    object-assign "^4.1.0"

unist-util-find@^1.0.1:
  version "1.0.1"
  resolved "https://registry.yarnpkg.com/unist-util-find/-/unist-util-find-1.0.1.tgz#1062bbb6928c7a97c6adc89b53745d4c46c222a2"
  dependencies:
    lodash.iteratee "^4.5.0"
    remark "^5.0.1"
    unist-util-visit "^1.1.0"

unist-util-generated@^1.1.0:
  version "1.1.1"
  resolved "https://registry.yarnpkg.com/unist-util-generated/-/unist-util-generated-1.1.1.tgz#99f16c78959ac854dee7c615c291924c8bf4de7f"

unist-util-inspect@^4.1.1:
  version "4.1.1"
  resolved "https://registry.yarnpkg.com/unist-util-inspect/-/unist-util-inspect-4.1.1.tgz#bd244527a4e6560a89b0d07c0a55f2178232b020"
  dependencies:
    is-empty "^1.0.0"
    rehype-parse "^3.1.0"

unist-util-is@^2.0.0:
  version "2.1.1"
  resolved "https://registry.yarnpkg.com/unist-util-is/-/unist-util-is-2.1.1.tgz#0c312629e3f960c66e931e812d3d80e77010947b"

unist-util-modify-children@^1.0.0:
  version "1.1.1"
  resolved "https://registry.yarnpkg.com/unist-util-modify-children/-/unist-util-modify-children-1.1.1.tgz#66d7e6a449e6f67220b976ab3cb8b5ebac39e51d"
  dependencies:
    array-iterate "^1.0.0"

unist-util-position@^3.0.0:
  version "3.0.0"
  resolved "https://registry.yarnpkg.com/unist-util-position/-/unist-util-position-3.0.0.tgz#e6e1e03eeeb81c5e1afe553e8d4adfbd7c0d8f82"

unist-util-remove-position@^1.0.0:
  version "1.1.1"
  resolved "https://registry.yarnpkg.com/unist-util-remove-position/-/unist-util-remove-position-1.1.1.tgz#5a85c1555fc1ba0c101b86707d15e50fa4c871bb"
  dependencies:
    unist-util-visit "^1.1.0"

unist-util-stringify-position@^1.0.0:
  version "1.1.1"
  resolved "https://registry.yarnpkg.com/unist-util-stringify-position/-/unist-util-stringify-position-1.1.1.tgz#3ccbdc53679eed6ecf3777dd7f5e3229c1b6aa3c"

unist-util-visit@^1.0.0, unist-util-visit@^1.1.0, unist-util-visit@^1.1.1:
  version "1.1.3"
  resolved "https://registry.yarnpkg.com/unist-util-visit/-/unist-util-visit-1.1.3.tgz#ec268e731b9d277a79a5b5aa0643990e405d600b"

vfile-location@^2.0.0:
  version "2.0.2"
  resolved "https://registry.yarnpkg.com/vfile-location/-/vfile-location-2.0.2.tgz#d3675c59c877498e492b4756ff65e4af1a752255"

vfile@^1.0.0:
  version "1.4.0"
  resolved "https://registry.yarnpkg.com/vfile/-/vfile-1.4.0.tgz#c0fd6fa484f8debdb771f68c31ed75d88da97fe7"

vfile@^2.0.0:
  version "2.2.0"
  resolved "https://registry.yarnpkg.com/vfile/-/vfile-2.2.0.tgz#ce47a4fb335922b233e535db0f7d8121d8fced4e"
  dependencies:
    is-buffer "^1.1.4"
    replace-ext "1.0.0"
    unist-util-stringify-position "^1.0.0"

wrappy@1:
  version "1.0.2"
  resolved "https://registry.yarnpkg.com/wrappy/-/wrappy-1.0.2.tgz#b5243d8f3ec1aa35f1364605bc0d1036e30ab69f"

x-is-function@^1.0.4:
  version "1.0.4"
  resolved "https://registry.yarnpkg.com/x-is-function/-/x-is-function-1.0.4.tgz#5d294dc3d268cbdd062580e0c5df77a391d1fa1e"

x-is-string@^0.1.0:
  version "0.1.0"
  resolved "https://registry.yarnpkg.com/x-is-string/-/x-is-string-0.1.0.tgz#474b50865af3a49a9c4657f05acd145458f77d82"

xtend@^4.0.1:
  version "4.0.1"
  resolved "https://registry.yarnpkg.com/xtend/-/xtend-4.0.1.tgz#a5c6d532be656e23db820efb943a1f04998d63af"
